
Microsoft Visual Studio Solution File, Format Version 12.00
# Visual Studio Version 16
VisualStudioVersion = 16.0.32407.337
MinimumVisualStudioVersion = 10.0.40219.1
Project("{FAE04EC0-301F-11D3-BF4B-00C04F79EFBC}") = "WpfCrudApp", "WpfCrudApp.csproj", "{75717FA9-55B8-4820-A7F0-2B31131BF842}"
EndProject
Global
	GlobalSection(SolutionConfigurationPlatforms) = preSolution
		Debug|Any CPU = Debug|Any CPU
		Release|Any CPU = Release|Any CPU
	EndGlobalSection
	GlobalSection(ProjectConfigurationPlatforms) = postSolution
		{75717FA9-55B8-4820-A7F0-2B31131BF842}.Debug|Any CPU.ActiveCfg = Debug|Any CPU
		{75717FA9-55B8-4820-A7F0-2B31131BF842}.Debug|Any CPU.Build.0 = Debug|Any CPU
		{75717FA9-55B8-4820-A7F0-2B31131BF842}.Release|Any CPU.ActiveCfg = Release|Any CPU
		{75717FA9-55B8-4820-A7F0-2B31131BF842}.Release|Any CPU.Build.0 = Release|Any CPU
	EndGlobalSection
	GlobalSection(SolutionProperties) = preSolution
		HideSolutionNode = FALSE
	EndGlobalSection
	GlobalSection(ExtensibilityGlobals) = postSolution
		SolutionGuid = {D1FACE1A-FC93-493B-9E89-C0ACA478A0AB}
	EndGlobalSection
EndGlobal
